
Microsoft Visual Studio Solution File, Format Version 12.00
# Visual Studio Version 17
VisualStudioVersion = 17.3.32929.385
MinimumVisualStudioVersion = 10.0.40219.1
Project("{888888A0-9F3D-457C-B088-3A5042F75D52}") = "A-Level-NEA-new", "A-Level-NEA-new\A-Level-NEA-new.pyproj", "{3AAD2431-B669-4F7F-9B84-19206622BFE9}"
EndProject
Global
	GlobalSection(SolutionConfigurationPlatforms) = preSolution
		Debug|Any CPU = Debug|Any CPU
		Release|Any CPU = Release|Any CPU
	EndGlobalSection
	GlobalSection(ProjectConfigurationPlatforms) = postSolution
		{3AAD2431-B669-4F7F-9B84-19206622BFE9}.Debug|Any CPU.ActiveCfg = Debug|Any CPU
		{3AAD2431-B669-4F7F-9B84-19206622BFE9}.Release|Any CPU.ActiveCfg = Release|Any CPU
	EndGlobalSection
	GlobalSection(SolutionProperties) = preSolution
		HideSolutionNode = FALSE
	EndGlobalSection
	GlobalSection(ExtensibilityGlobals) = postSolution
		SolutionGuid = {1CAFF6D6-789E-4C4A-BD3E-C70B1DAA2DCA}
	EndGlobalSection
EndGlobal
